
Microsoft Visual Studio Solution File, Format Version 12.00
# Visual Studio Version 17
VisualStudioVersion = 17.13.35825.156
MinimumVisualStudioVersion = 10.0.40219.1
Project("{888888A0-9F3D-457C-B088-3A5042F75D52}") = "练习1-画正方形和圆", "练习1-画正方形和圆\练习1-画正方形和圆.pyproj", "{34336BE5-0151-401F-BB61-490AEAC98AA6}"
EndProject
Project("{888888A0-9F3D-457C-B088-3A5042F75D52}") = "练习2-画风轮", "练习2-画风轮\练习2-画风轮.pyproj", "{6E048630-4F11-4C45-9C74-328D884D26AF}"
EndProject
Global
	GlobalSection(SolutionConfigurationPlatforms) = preSolution
		Debug|Any CPU = Debug|Any CPU
		Release|Any CPU = Release|Any CPU
	EndGlobalSection
	GlobalSection(ProjectConfigurationPlatforms) = postSolution
		{34336BE5-0151-401F-BB61-490AEAC98AA6}.Debug|Any CPU.ActiveCfg = Debug|Any CPU
		{34336BE5-0151-401F-BB61-490AEAC98AA6}.Release|Any CPU.ActiveCfg = Release|Any CPU
		{6E048630-4F11-4C45-9C74-328D884D26AF}.Debug|Any CPU.ActiveCfg = Debug|Any CPU
		{6E048630-4F11-4C45-9C74-328D884D26AF}.Release|Any CPU.ActiveCfg = Release|Any CPU
	EndGlobalSection
	GlobalSection(SolutionProperties) = preSolution
		HideSolutionNode = FALSE
	EndGlobalSection
	GlobalSection(ExtensibilityGlobals) = postSolution
		SolutionGuid = {C409DB48-3309-4A97-926A-36CBB830C663}
	EndGlobalSection
EndGlobal
